
Microsoft Visual Studio Solution File, Format Version 12.00
# Visual Studio Version 17
VisualStudioVersion = 17.1.32319.34
MinimumVisualStudioVersion = 10.0.40219.1
Project("{FAE04EC0-301F-11D3-BF4B-00C04F79EFBC}") = "AlgoritmoDePrim", "AlgoritmoDePrim.csproj", "{C542C578-BAFB-4D5F-AFFF-B8022DE6D5AB}"
EndProject
Global
	GlobalSection(SolutionConfigurationPlatforms) = preSolution
		Debug|Any CPU = Debug|Any CPU
		Release|Any CPU = Release|Any CPU
	EndGlobalSection
	GlobalSection(ProjectConfigurationPlatforms) = postSolution
		{C542C578-BAFB-4D5F-AFFF-B8022DE6D5AB}.Debug|Any CPU.ActiveCfg = Debug|Any CPU
		{C542C578-BAFB-4D5F-AFFF-B8022DE6D5AB}.Debug|Any CPU.Build.0 = Debug|Any CPU
		{C542C578-BAFB-4D5F-AFFF-B8022DE6D5AB}.Release|Any CPU.ActiveCfg = Release|Any CPU
		{C542C578-BAFB-4D5F-AFFF-B8022DE6D5AB}.Release|Any CPU.Build.0 = Release|Any CPU
	EndGlobalSection
	GlobalSection(SolutionProperties) = preSolution
		HideSolutionNode = FALSE
	EndGlobalSection
	GlobalSection(ExtensibilityGlobals) = postSolution
		SolutionGuid = {04D6E192-3ED5-4FEA-99AC-2787DCE475DE}
	EndGlobalSection
EndGlobal
